{
    "_meta": {
        "hash": {
            "sha256": "1503a15e724e2253f03fbb9fbe11887be2559978319cf6f8b8e56d1d20e6b3dc"
        },
        "pipfile-spec": 6,
        "requires": {
            "python_version": "3.12"
        },
        "sources": [
            {
                "name": "pypi",
                "url": "https://pypi.org/simple",
                "verify_ssl": true
            }
        ]
    },
    "default": {
        "affine": {
            "hashes": [
                "sha256:8a3df80e2b2378aef598a83c1392efd47967afec4242021a0b06b4c7cbc61a92",
                "sha256:a24d818d6a836c131976d22f8c27b8d3ca32d0af64c1d8d29deb7bafa4da1eea"
            ],
            "index": "pypi",
            "markers": "python_version >= '3.7'",
            "version": "==2.4.0"
        },
        "certifi": {
            "hashes": [
                "sha256:922820b53db7a7257ffbda3f597266d435245903d80737e34f8a45ff3e3230d8",
                "sha256:bec941d2aa8195e248a60b31ff9f0558284cf01a52591ceda73ea9afffd69fd9"
            ],
            "markers": "python_version >= '3.6'",
            "version": "==2024.8.30"
        },
        "dimsim": {
            "hashes": [
                "sha256:1b1b1df6efb989ccbb23f3d0a3788a0cd59de563c511e58fe057ddd9fc49d3be",
                "sha256:f2babc83c26bc2650207716cc98f06e8d2642c3c592fd320c7061ea5a7b9b54c"
            ],
            "index": "pypi",
            "version": "==0.2.2"
        },
        "editdistance": {
            "hashes": [
                "sha256:0247e7a1e9c66ea75211a97e725366bff19a52aac2c838ed5f90025630e976dd",
                "sha256:04e229d6f4ce0c12abc9f4cd4023a5b5fa9620226e0207b119c3c2778b036250",
                "sha256:09f01ed51746d90178af7dd7ea4ebb41497ef19f53c7f327e864421743dffb0a",
                "sha256:0b6f52a9d7d434f6882db3dc0340e42da6f177644c23f6a02a739b6247a14b82",
                "sha256:0c96a8e981f385f0b7392d047c5caab8e0b24f94b71120787fd78241efc34237",
                "sha256:16b3e413c020e42b2ef2d4ba01386ead43007217f0bdd704e90474ace90d2023",
                "sha256:16c521157f5d29bf2cb20472482de8450722685d27a6dd801ff1e80cb13a1fd1",
                "sha256:18fc8b6eaae01bfd9cf999af726c1e8dcf667d120e81aa7dbd515bea7427f62f",
                "sha256:1c49df0717f64a2c8869edc32c01ba9a22ba20b6cc482876c1067e3a92a6cb2d",
                "sha256:24b5f9c9673c823d91b5973d0af8b39f883f414a55ade2b9d097138acd10f31e",
                "sha256:2a956eb9584d9e8d165bddd9091791924648071c3cdb1e03ec94b1320c2edefd",
                "sha256:2f56c0e006f6b5207985c1bdd62e1873e66bb06a60849cad32716cad1bb3ae40",
                "sha256:2f7f71698f83e8c83839ac0d876a0f4ef996c86c5460aebd26d85568d4afd0db",
                "sha256:331f1a8d3a753858a9d689c0bcd79ad1959e0df464bb6c22cb263cfb6da208e4",
                "sha256:3778ca60aa89def9144b70e330bcec5330c7da1d69cb28c612e90b84510a1d3d",
                "sha256:387d3bb45befbf8514eb8d17180307580efe4ebaa40ad8b2c14eb04c52ad18a0",
                "sha256:3b35c647a8a17b77441e7b6111b74ae1016851589109e1efc990d27225b3217b",
                "sha256:3de77951b105d0972deec7684a0b3d1a9dee69c9b5d34f6e2acc0d76cd4a1c52",
                "sha256:4787fa7228ba6a34b430066d174320f011d605015baa7299c2c4911e6ea6bd46",
                "sha256:486105603a273d73d12a54f347dffa70ab281749d7c3879658b377bc49e4b98c",
                "sha256:493587829de3e500bdf34f03f5ab12501867b911acc838e1d04047a3f8941aad",
                "sha256:4ba571e8b6796ad34faeb8581ddc311c35946b2fc183eaebfef59e12ea3538b3",
                "sha256:4d8e9a3e65a68c13dcadc1d2caca620f1716a8d02f2602047e0721b509161ec7",
                "sha256:510a4f9ced348a4fd89ae2e102357d4d801a771e29bb2bc2f130a1692193407f",
                "sha256:5af173d442ffac33b7c7990132f97f88818a3abf4b21c0c702a7022df37c0c5c",
                "sha256:5c72aa1df8535f2e2b3d8773a1a7da091bc1a7e52bb396e7e48d375ba687e7b2",
                "sha256:5d746ecbf7db7fe0f93ba6971ac43225aac877818a3c2003d41436fee9b33905",
                "sha256:5e88efb052d45e924606c305cb833a80579dca3e8e4ff01309d50ba2c1c0bbd5",
                "sha256:616e361e932a85ee1f7091fcb8f7e4619681592c1a0cca251dfd26976dd58254",
                "sha256:67d143429a49ab552411505f550a0fb4285a1d4336e096804d233ec495ac20fc",
                "sha256:6a87839450a5987028738d061ffa5ef6a68bac2ddc68c9147a8aae9806629c7f",
                "sha256:6c7c62c3cae45ca1fa01bb2722b297b9de1e3a244ac44cfba88bdcb488fe6aee",
                "sha256:70ed382b3052a51161bad0149d4665003bf3b949fce0b01bf1253a4cc1a88239",
                "sha256:7743895df48482fa5a7136543d6bde72e6c10c78a4a4b772fcddda48f792ef68",
                "sha256:7994a6a0a6ae92db87c144e12f1549ca0e50f43c6cc64e32c628e7af6b9c74b6",
                "sha256:7f4f19a829aff230377041acb77afec73becbebafe35b7e322be00cdb3122ddb",
                "sha256:8131acb6b5170382b8b74efab92df8739ac591dc841314e0153af63c4493cb43",
                "sha256:84e239d88ff52821cf64023fabd06a1d9a07654f364b64bf1284577fd3a79d0e",
                "sha256:87533cf2ebc3777088d991947274cd7e1014b9c861a8aa65257bcdc0ee492526",
                "sha256:877f2a0d801f32bc1a1878901ffb947b974361e849c66e314a7f1d786a446b58",
                "sha256:8cb78e125f6759398885a775f5eed07c2bb72b2f86da43e674c6b6a3335b273b",
                "sha256:8e4ea90e92f0e3494bdddad45928393094c258aeef9e4def81a39c3429df0e19",
                "sha256:98572c662fd7d425ff24acb8197ad4be7849558a48aebbc60012090bfda4dce9",
                "sha256:9a606c34a2a6cc190e4fffc856b36333cdcf1f1fab5b22bd3088e585c22d6ca0",
                "sha256:a4a90c6b03094c07358572027a8d0a13cca7450b1aa6caca98a5f1fa4f0b8961",
                "sha256:a529bfb384c4000775d76739c4e64f73337f0f5a3784933b1321b577a62bed4e",
                "sha256:ad68a2357664e45823b38c9f67a315ff9771263ec502a710057b78c6ca6fcfcd",
                "sha256:adeb705f32b93accc74960d227875abff150ee42d676e428536361fe5f8f5388",
                "sha256:b04af61b3fcdd287a07c15b6ae3b02af01c5e3e9c3aca76b8c1d13bd266b6f57",
                "sha256:b082232429e731f181af7f7d2bcf79da6ca8fadd04e9086c11e2973f7d330c81",
                "sha256:b978c5927100a57791131dd2418040f4e5d33970d37b97a84c1a530ec481f557",
                "sha256:bc5f0c7f12a3a3bf2d129e2900deaaa5e47203ef61918343ddc4b6c03e50f089",
                "sha256:bc7ad9f9a20e6f351523de77c59249f005242e3f317b5de45d02c378d24f6531",
                "sha256:c59248eabfad603f0fba47b0c263d5dc728fb01c2b6b50fb6ca187cec547fdb3",
                "sha256:ca9d3be2b10e5d44a950a4bd1e84bca9ebbecd364bce0cf5693bf8224c78eaef",
                "sha256:cef1a4359252a49f2c4718e64e9d40027d9d951b289d045bdb278656e59f6af8",
                "sha256:cf200104ed4923d4f51ca543bc8488732a31a17848058e65bcba855a7eee2bd2",
                "sha256:d1cdf80a5d5014b0c9126a69a42ce55a457b457f6986ff69ca98e4fe4d2d8fed",
                "sha256:d5b413aeb8fe3f77a9e95485fcb64ce84e6b14bcd368124d38bd0062167b3456",
                "sha256:d6bc5a827b262dc9b0d03cfd821682334ce1280520edf6385dc1730e390b5201",
                "sha256:d789a8ef6fe7cb287ff199381bbd62e9fb2ba4b1e69db817b761d9b42bf8ca7b",
                "sha256:d9f139d921aff07deb2c9e592fe23d994af0e59267962a20c062cd66750a0ca4",
                "sha256:dbbf050fece6c78838a8a95fa4e9a4132023c3d85138870ac83c9dc1dfbfe513",
                "sha256:dbe0cbc15466e9b7fbf73e34bdcae11cb0c2acd09a60ef4740f2172f9aa5e751",
                "sha256:e16721636da6d6b68a2c09eaced35a94f4a4a704ec09f45756d4fd5e128ed18d",
                "sha256:e79d351ca40a6ead5f3763253fd7521572ee0d3e5d42538630e56d10f48db481",
                "sha256:ee02601375073afccd6b4d811129ce1cb696d47db734784d8dbd1fddcea75447",
                "sha256:f182e5e1d2a446138cab085409395c62af36eb1abcbe8cfacb083febfeafd5ce",
                "sha256:fad081f5f86a175c1a09a4e9e45b95c9349e454c21e181e842e01c85f1f536fc",
                "sha256:fba945eaa0436cf40bc53d7e299dc537c7c71353379a095b7459ff4af910da33",
                "sha256:fd64b58f5a7b59afd9d75982aaeeacd2a98498bf472fa0360c122ffe6ea4c871"
            ],
            "index": "pypi",
            "markers": "python_version >= '3.8'",
            "version": "==0.8.1"
        },
        "interchange": {
            "hashes": [
                "sha256:3a791b4df765c7136c318e53c388380ac5b003767808876c4fb4fef393917768",
                "sha256:6791d1b34621e990035fe75d808523172340d80ade1b50412226820184199550"
            ],
            "version": "==2021.0.4"
        },
        "monotonic": {
            "hashes": [
                "sha256:3a55207bcfed53ddd5c5bae174524062935efed17792e9de2ad0205ce9ad63f7",
                "sha256:68687e19a14f11f26d140dd5c86f3dba4bf5df58003000ed467e0e2a69bca96c"
            ],
            "version": "==1.6"
        },
        "neo4j": {
            "hashes": [
                "sha256:7c82001c45319092cc0b5df4c92894553b7ab97bd4f59655156fa9acab83aec9",
                "sha256:df310eee9a4f9749fb32bb9f1aa68711ac417b7eba3e42faefd6848038345ffa"
            ],
            "index": "pypi",
            "markers": "python_version >= '3.7'",
            "version": "==5.25.0"
        },
        "numpy": {
            "hashes": [
                "sha256:05b2d4e667895cc55e3ff2b56077e4c8a5604361fc21a042845ea3ad67465aa8",
                "sha256:12edb90831ff481f7ef5f6bc6431a9d74dc0e5ff401559a71e5e4611d4f2d466",
                "sha256:13311c2db4c5f7609b462bc0f43d3c465424d25c626d95040f073e30f7570e35",
                "sha256:13532a088217fa624c99b843eeb54640de23b3414b14aa66d023805eb731066c",
                "sha256:13602b3174432a35b16c4cfb5de9a12d229727c3dd47a6ce35111f2ebdf66ff4",
                "sha256:1600068c262af1ca9580a527d43dc9d959b0b1d8e56f8a05d830eea39b7c8af6",
                "sha256:1b8cde4f11f0a975d1fd59373b32e2f5a562ade7cde4f85b7137f3de8fbb29a0",
                "sha256:1c193d0b0238638e6fc5f10f1b074a6993cb13b0b431f64079a509d63d3aa8b7",
                "sha256:1ebec5fd716c5a5b3d8dfcc439be82a8407b7b24b230d0ad28a81b61c2f4659a",
                "sha256:242b39d00e4944431a3cd2db2f5377e15b5785920421993770cddb89992c3f3a",
                "sha256:259ec80d54999cc34cd1eb8ded513cb053c3bf4829152a2e00de2371bd406f5e",
                "sha256:2abbf905a0b568706391ec6fa15161fad0fb5d8b68d73c461b3c1bab6064dd62",
                "sha256:2cbba4b30bf31ddbe97f1c7205ef976909a93a66bb1583e983adbd155ba72ac2",
                "sha256:2ffef621c14ebb0188a8633348504a35c13680d6da93ab5cb86f4e54b7e922b5",
                "sha256:30d53720b726ec36a7f88dc873f0eec8447fbc93d93a8f079dfac2629598d6ee",
                "sha256:32e16a03138cabe0cb28e1007ee82264296ac0983714094380b408097a418cfe",
                "sha256:43cca367bf94a14aca50b89e9bc2061683116cfe864e56740e083392f533ce7a",
                "sha256:456e3b11cb79ac9946c822a56346ec80275eaf2950314b249b512896c0d2505e",
                "sha256:4d6ec0d4222e8ffdab1744da2560f07856421b367928026fb540e1945f2eeeaf",
                "sha256:5006b13a06e0b38d561fab5ccc37581f23c9511879be7693bd33c7cd15ca227c",
                "sha256:675c741d4739af2dc20cd6c6a5c4b7355c728167845e3c6b0e824e4e5d36a6c3",
                "sha256:6cdb606a7478f9ad91c6283e238544451e3a95f30fb5467fbf715964341a8a86",
                "sha256:6d95f286b8244b3649b477ac066c6906fbb2905f8ac19b170e2175d3d799f4df",
                "sha256:76322dcdb16fccf2ac56f99048af32259dcc488d9b7e25b51e5eca5147a3fb98",
                "sha256:7c1c60328bd964b53f8b835df69ae8198659e2b9302ff9ebb7de4e5a5994db3d",
                "sha256:860ec6e63e2c5c2ee5e9121808145c7bf86c96cca9ad396c0bd3e0f2798ccbe2",
                "sha256:8e00ea6fc82e8a804433d3e9cedaa1051a1422cb6e443011590c14d2dea59146",
                "sha256:9c6c754df29ce6a89ed23afb25550d1c2d5fdb9901d9c67a16e0b16eaf7e2550",
                "sha256:a26ae94658d3ba3781d5e103ac07a876b3e9b29db53f68ed7df432fd033358a8",
                "sha256:a65acfdb9c6ebb8368490dbafe83c03c7e277b37e6857f0caeadbbc56e12f4fb",
                "sha256:a7d80b2e904faa63068ead63107189164ca443b42dd1930299e0d1cb041cec2e",
                "sha256:a84498e0d0a1174f2b3ed769b67b656aa5460c92c9554039e11f20a05650f00d",
                "sha256:ab4754d432e3ac42d33a269c8567413bdb541689b02d93788af4131018cbf366",
                "sha256:ad369ed238b1959dfbade9018a740fb9392c5ac4f9b5173f420bd4f37ba1f7a0",
                "sha256:b1d0fcae4f0949f215d4632be684a539859b295e2d0cb14f78ec231915d644db",
                "sha256:b42a1a511c81cc78cbc4539675713bbcf9d9c3913386243ceff0e9429ca892fe",
                "sha256:bd33f82e95ba7ad632bc57837ee99dba3d7e006536200c4e9124089e1bf42426",
                "sha256:bdd407c40483463898b84490770199d5714dcc9dd9b792f6c6caccc523c00952",
                "sha256:c6eef7a2dbd0abfb0d9eaf78b73017dbfd0b54051102ff4e6a7b2980d5ac1a03",
                "sha256:c82af4b2ddd2ee72d1fc0c6695048d457e00b3582ccde72d8a1c991b808bb20f",
                "sha256:d666cb72687559689e9906197e3bec7b736764df6a2e58ee265e360663e9baf7",
                "sha256:d7bf0a4f9f15b32b5ba53147369e94296f5fffb783db5aacc1be15b4bf72f43b",
                "sha256:d82075752f40c0ddf57e6e02673a17f6cb0f8eb3f587f63ca1eaab5594da5b17",
                "sha256:da65fb46d4cbb75cb417cddf6ba5e7582eb7bb0b47db4b99c9fe5787ce5d91f5",
                "sha256:e2b49c3c0804e8ecb05d59af8386ec2f74877f7ca8fd9c1e00be2672e4d399b1",
                "sha256:e585c8ae871fd38ac50598f4763d73ec5497b0de9a0ab4ef5b69f01c6a046142",
                "sha256:e8d3ca0a72dd8846eb6f7dfe8f19088060fcb76931ed592d29128e0219652884",
                "sha256:ef444c57d664d35cac4e18c298c47d7b504c66b17c2ea91312e979fcfbdfb08a",
                "sha256:f1eb068ead09f4994dec71c24b2844f1e4e4e013b9629f812f292f04bd1510d9",
                "sha256:f2ded8d9b6f68cc26f8425eda5d3877b47343e68ca23d0d0846f4d312ecaa445",
                "sha256:f751ed0a2f250541e19dfca9f1eafa31a392c71c832b6bb9e113b10d050cb0f1",
                "sha256:faa88bc527d0f097abdc2c663cddf37c05a1c2f113716601555249805cf573f1",
                "sha256:fc44e3c68ff00fd991b59092a54350e6e4911152682b4782f68070985aa9e648"
            ],
            "index": "pypi",
            "markers": "python_version >= '3.10'",
            "version": "==2.1.2"
        },
        "packaging": {
            "hashes": [
                "sha256:026ed72c8ed3fcce5bf8950572258698927fd1dbda10a5e981cdf0ac37f4f002",
                "sha256:5b8f2217dbdbd2f7f384c41c628544e6d52f2d0f53c6d0c3ea61aa5d1d7ff124"
            ],
            "markers": "python_version >= '3.8'",
            "version": "==24.1"
        },
        "pandas": {
            "hashes": [
                "sha256:062309c1b9ea12a50e8ce661145c6aab431b1e99530d3cd60640e255778bd43a",
                "sha256:15c0e1e02e93116177d29ff83e8b1619c93ddc9c49083f237d4312337a61165d",
                "sha256:1948ddde24197a0f7add2bdc4ca83bf2b1ef84a1bc8ccffd95eda17fd836ecb5",
                "sha256:1db71525a1538b30142094edb9adc10be3f3e176748cd7acc2240c2f2e5aa3a4",
                "sha256:22a9d949bfc9a502d320aa04e5d02feab689d61da4e7764b62c30b991c42c5f0",
                "sha256:29401dbfa9ad77319367d36940cd8a0b3a11aba16063e39632d98b0e931ddf32",
                "sha256:31d0ced62d4ea3e231a9f228366919a5ea0b07440d9d4dac345376fd8e1477ea",
                "sha256:3508d914817e153ad359d7e069d752cdd736a247c322d932eb89e6bc84217f28",
                "sha256:37e0aced3e8f539eccf2e099f65cdb9c8aa85109b0be6e93e2baff94264bdc6f",
                "sha256:381175499d3802cde0eabbaf6324cce0c4f5d52ca6f8c377c29ad442f50f6348",
                "sha256:38cf8125c40dae9d5acc10fa66af8ea6fdf760b2714ee482ca691fc66e6fcb18",
                "sha256:3b71f27954685ee685317063bf13c7709a7ba74fc996b84fc6821c59b0f06468",
                "sha256:3fc6873a41186404dad67245896a6e440baacc92f5b716ccd1bc9ed2995ab2c5",
                "sha256:4850ba03528b6dd51d6c5d273c46f183f39a9baf3f0143e566b89450965b105e",
                "sha256:4f18ba62b61d7e192368b84517265a99b4d7ee8912f8708660fb4a366cc82667",
                "sha256:56534ce0746a58afaf7942ba4863e0ef81c9c50d3f0ae93e9497d6a41a057645",
                "sha256:59ef3764d0fe818125a5097d2ae867ca3fa64df032331b7e0917cf5d7bf66b13",
                "sha256:5dbca4c1acd72e8eeef4753eeca07de9b1db4f398669d5994086f788a5d7cc30",
                "sha256:5de54125a92bb4d1c051c0659e6fcb75256bf799a732a87184e5ea503965bce3",
                "sha256:61c5ad4043f791b61dd4752191d9f07f0ae412515d59ba8f005832a532f8736d",
                "sha256:6374c452ff3ec675a8f46fd9ab25c4ad0ba590b71cf0656f8b6daa5202bca3fb",
                "sha256:63cc132e40a2e084cf01adf0775b15ac515ba905d7dcca47e9a251819c575ef3",
                "sha256:66108071e1b935240e74525006034333f98bcdb87ea116de573a6a0dccb6c039",
                "sha256:6dfcb5ee8d4d50c06a51c2fffa6cff6272098ad6540aed1a76d15fb9318194d8",
                "sha256:7c2875855b0ff77b2a64a0365e24455d9990730d6431b9e0ee18ad8acee13dbd",
                "sha256:7eee9e7cea6adf3e3d24e304ac6b8300646e2a5d1cd3a3c2abed9101b0846761",
                "sha256:800250ecdadb6d9c78eae4990da62743b857b470883fa27f652db8bdde7f6659",
                "sha256:86976a1c5b25ae3f8ccae3a5306e443569ee3c3faf444dfd0f41cda24667ad57",
                "sha256:8cd6d7cc958a3910f934ea8dbdf17b2364827bb4dafc38ce6eef6bb3d65ff09c",
                "sha256:99df71520d25fade9db7c1076ac94eb994f4d2673ef2aa2e86ee039b6746d20c",
                "sha256:a5a1595fe639f5988ba6a8e5bc9649af3baf26df3998a0abe56c02609392e0a4",
                "sha256:ad5b65698ab28ed8d7f18790a0dc58005c7629f227be9ecc1072aa74c0c1d43a",
                "sha256:b1d432e8d08679a40e2a6d8b2f9770a5c21793a6f9f47fdd52c5ce1948a5a8a9",
                "sha256:b8661b0238a69d7aafe156b7fa86c44b881387509653fdf857bebc5e4008ad42",
                "sha256:ba96630bc17c875161df3818780af30e43be9b166ce51c9a18c1feae342906c2",
                "sha256:bc6b93f9b966093cb0fd62ff1a7e4c09e6d546ad7c1de191767baffc57628f39",
                "sha256:c124333816c3a9b03fbeef3a9f230ba9a737e9e5bb4060aa2107a86cc0a497fc",
                "sha256:cd8d0c3be0515c12fed0bdbae072551c8b54b7192c7b1fda0ba56059a0179698",
                "sha256:d9c45366def9a3dd85a6454c0e7908f2b3b8e9c138f5dc38fed7ce720d8453ed",
                "sha256:f00d1345d84d8c86a63e476bb4955e46458b304b9575dcf71102b5c705320015",
                "sha256:f3a255b2c19987fbbe62a9dfd6cff7ff2aa9ccab3fc75218fd4b7530f01efa24",
                "sha256:fffb8ae78d8af97f849404f21411c95062db1496aeb3e56f146f0355c9989319"
            ],
            "index": "pypi",
            "markers": "python_version >= '3.9'",
            "version": "==2.2.3"
        },
        "pansi": {
            "hashes": [
                "sha256:bd182d504528f870601acb0282aded411ad00a0148427b0e53a12162f4e74dcf",
                "sha256:ce2b8acaf06dc59dcc711f61efbe53c836877f127d73f11fdd898b994e5c4234"
            ],
            "version": "==2020.7.3"
        },
        "py2neo": {
            "hashes": [
                "sha256:2ddbe818354a6fa16d47dfd0fe5cb0287fa42ff109e87aa7b3e43636060d85a1",
                "sha256:4b2737fcd9fd8d82b57e856de4eda005281c9cf0741c989e5252678f0503f77e"
            ],
            "index": "pypi",
            "version": "==2021.2.4"
        },
        "pygments": {
            "hashes": [
                "sha256:786ff802f32e91311bff3889f6e9a86e81505fe99f2735bb6d60ae0c5004f199",
                "sha256:b8e6aca0523f3ab76fee51799c488e38782ac06eafcf95e7ba832985c8e7b13a"
            ],
            "markers": "python_version >= '3.8'",
            "version": "==2.18.0"
        },
        "pypinyin": {
            "hashes": [
                "sha256:a2d39ddc2bd31b55897bbb10d2e11a0c4d399988a97c00ad489c151afd9b106d",
                "sha256:a906768919da3c31771f2c5e0e5a759214dc38d0087e15e6ff67649e03df8097"
            ],
            "markers": "python_version >= '2.6' and python_version not in '3.0, 3.1, 3.2, 3.3' and python_version < '4'",
            "version": "==0.53.0"
        },
        "python-dateutil": {
            "hashes": [
                "sha256:37dd54208da7e1cd875388217d5e00ebd4179249f90fb72437e91a35459a0ad3",
                "sha256:a8b2bc7bffae282281c8140a97d3aa9c14da0b136dfe83f850eea9a5f7470427"
            ],
            "markers": "python_version >= '2.7' and python_version not in '3.0, 3.1, 3.2, 3.3'",
            "version": "==2.9.0.post0"
        },
        "pytz": {
            "hashes": [
                "sha256:2aa355083c50a0f93fa581709deac0c9ad65cca8a9e9beac660adcbd493c798a",
                "sha256:31c7c1817eb7fae7ca4b8c7ee50c72f93aa2dd863de768e1ef4245d426aa0725"
            ],
            "version": "==2024.2"
        },
        "six": {
            "hashes": [
                "sha256:1e61c37477a1626458e36f7b1d82aa5c9b094fa4802892072e49de9c60c4c926",
                "sha256:8abb2f1d86890a2dfb989f9a77cfcfd3e47c2a354b01111771326f8aa26e0254"
            ],
            "markers": "python_version >= '2.7' and python_version not in '3.0, 3.1, 3.2, 3.3'",
            "version": "==1.16.0"
        },
        "tzdata": {
            "hashes": [
                "sha256:7d85cc416e9382e69095b7bdf4afd9e3880418a2413feec7069d533d6b4e31cc",
                "sha256:a48093786cdcde33cad18c2555e8532f34422074448fbc874186f0abd79565cd"
            ],
            "markers": "python_version >= '2'",
            "version": "==2024.2"
        },
        "urllib3": {
            "hashes": [
                "sha256:ca899ca043dcb1bafa3e262d73aa25c465bfb49e0bd9dd5d59f1d0acba2f8fac",
                "sha256:e7d814a81dad81e6caf2ec9fdedb284ecc9c73076b62654547cc64ccdcae26e9"
            ],
            "markers": "python_version >= '3.8'",
            "version": "==2.2.3"
        }
    },
    "develop": {}
}
